// !$*UTF8*$!
{
	archiveVersion = 1;
	classes = {
	};
	objectVersion = 56;
	objects = {

/* Begin PBXBuildFile section */
		4A99B6942C7EF2F50036EA93 /* Foo1Foo1App.swift in Sources */ = {isa = PBXBuildFile; fileRef = 4A99B6932C7EF2F50036EA93 /* Foo1Foo1App.swift */; };
		4A99B6962C7EF2F50036EA93 /* ContentView.swift in Sources */ = {isa = PBXBuildFile; fileRef = 4A99B6952C7EF2F50036EA93 /* ContentView.swift */; };
		4A99B6982C7EF2F60036EA93 /* Assets.xcassets in Resources */ = {isa = PBXBuildFile; fileRef = 4A99B6972C7EF2F60036EA93 /* Assets.xcassets */; };
		4A99B69B2C7EF2F60036EA93 /* Preview Assets.xcassets in Resources */ = {isa = PBXBuildFile; fileRef = 4A99B69A2C7EF2F60036EA93 /* Preview Assets.xcassets */; };
		4A99B6A52C7EF2F60036EA93 /* Foo1Foo1Tests.swift in Sources */ = {isa = PBXBuildFile; fileRef = 4A99B6A42C7EF2F60036EA93 /* Foo1Foo1Tests.swift */; };
		4A99B6AF2C7EF2F60036EA93 /* Foo1Foo1UITests.swift in Sources */ = {isa = PBXBuildFile; fileRef = 4A99B6AE2C7EF2F60036EA93 /* Foo1Foo1UITests.swift */; };
		4A99B6B12C7EF2F60036EA93 /* Foo1Foo1UITestsLaunchTests.swift in Sources */ = {isa = PBXBuildFile; fileRef = 4A99B6B02C7EF2F60036EA93 /* Foo1Foo1UITestsLaunchTests.swift */; };
/* End PBXBuildFile section */

/* Begin PBXContainerItemProxy section */
		4A99B6A12C7EF2F60036EA93 /* PBXContainerItemProxy */ = {
			isa = PBXContainerItemProxy;
			containerPortal = 4A99B6882C7EF2F50036EA93 /* Project object */;
			proxyType = 1;
			remoteGlobalIDString = 4A99B68F2C7EF2F50036EA93;
			remoteInfo = Foo1Foo1;
		};
		4A99B6AB2C7EF2F60036EA93 /* PBXContainerItemProxy */ = {
			isa = PBXContainerItemProxy;
			containerPortal = 4A99B6882C7EF2F50036EA93 /* Project object */;
			proxyType = 1;
			remoteGlobalIDString = 4A99B68F2C7EF2F50036EA93;
			remoteInfo = Foo1Foo1;
		};
/* End PBXContainerItemProxy section */

/* Begin PBXFileReference section */
		4A99B6902C7EF2F50036EA93 /* Foo1Foo1.app */ = {isa = PBXFileReference; explicitFileType = wrapper.application; includeInIndex = 0; path = Foo1Foo1.app; sourceTree = BUILT_PRODUCTS_DIR; };
		4A99B6932C7EF2F50036EA93 /* Foo1Foo1App.swift */ = {isa = PBXFileReference; lastKnownFileType = sourcecode.swift; path = Foo1Foo1App.swift; sourceTree = "<group>"; };
		4A99B6952C7EF2F50036EA93 /* ContentView.swift */ = {isa = PBXFileReference; lastKnownFileType = sourcecode.swift; path = ContentView.swift; sourceTree = "<group>"; };
		4A99B6972C7EF2F60036EA93 /* Assets.xcassets */ = {isa = PBXFileReference; lastKnownFileType = folder.assetcatalog; path = Assets.xcassets; sourceTree = "<group>"; };
		4A99B69A2C7EF2F60036EA93 /* Preview Assets.xcassets */ = {isa = PBXFileReference; lastKnownFileType = folder.assetcatalog; path = "Preview Assets.xcassets"; sourceTree = "<group>"; };
		4A99B6A02C7EF2F60036EA93 /* Foo1Foo1Tests.xctest */ = {isa = PBXFileReference; explicitFileType = wrapper.cfbundle; includeInIndex = 0; path = Foo1Foo1Tests.xctest; sourceTree = BUILT_PRODUCTS_DIR; };
		4A99B6A42C7EF2F60036EA93 /* Foo1Foo1Tests.swift */ = {isa = PBXFileReference; lastKnownFileType = sourcecode.swift; path = Foo1Foo1Tests.swift; sourceTree = "<group>"; };
		4A99B6AA2C7EF2F60036EA93 /* Foo1Foo1UITests.xctest */ = {isa = PBXFileReference; explicitFileType = wrapper.cfbundle; includeInIndex = 0; path = Foo1Foo1UITests.xctest; sourceTree = BUILT_PRODUCTS_DIR; };
		4A99B6AE2C7EF2F60036EA93 /* Foo1Foo1UITests.swift */ = {isa = PBXFileReference; lastKnownFileType = sourcecode.swift; path = Foo1Foo1UITests.swift; sourceTree = "<group>"; };
		4A99B6B02C7EF2F60036EA93 /* Foo1Foo1UITestsLaunchTests.swift */ = {isa = PBXFileReference; lastKnownFileType = sourcecode.swift; path = Foo1Foo1UITestsLaunchTests.swift; sourceTree = "<group>"; };
/* End PBXFileReference section */

/* Begin PBXFrameworksBuildPhase section */
		4A99B68D2C7EF2F50036EA93 /* Frameworks */ = {
			isa = PBXFrameworksBuildPhase;
			buildActionMask = 2147483647;
			files = (
			);
			runOnlyForDeploymentPostprocessing = 0;
		};
		4A99B69D2C7EF2F60036EA93 /* Frameworks */ = {
			isa = PBXFrameworksBuildPhase;
			buildActionMask = 2147483647;
			files = (
			);
			runOnlyForDeploymentPostprocessing = 0;
		};
		4A99B6A72C7EF2F60036EA93 /* Frameworks */ = {
			isa = PBXFrameworksBuildPhase;
			buildActionMask = 2147483647;
			files = (
			);
			runOnlyForDeploymentPostprocessing = 0;
		};
/* End PBXFrameworksBuildPhase section */

/* Begin PBXGroup section */
		4A99B6872C7EF2F50036EA93 = {
			isa = PBXGroup;
			children = (
				4A99B6922C7EF2F50036EA93 /* Foo1Foo1 */,
				4A99B6A32C7EF2F60036EA93 /* Foo1Foo1Tests */,
				4A99B6AD2C7EF2F60036EA93 /* Foo1Foo1UITests */,
				4A99B6912C7EF2F50036EA93 /* Products */,
			);
			sourceTree = "<group>";
		};
		4A99B6912C7EF2F50036EA93 /* Products */ = {
			isa = PBXGroup;
			children = (
				4A99B6902C7EF2F50036EA93 /* Foo1Foo1.app */,
				4A99B6A02C7EF2F60036EA93 /* Foo1Foo1Tests.xctest */,
				4A99B6AA2C7EF2F60036EA93 /* Foo1Foo1UITests.xctest */,
			);
			name = Products;
			sourceTree = "<group>";
		};
		4A99B6922C7EF2F50036EA93 /* Foo1Foo1 */ = {
			isa = PBXGroup;
			children = (
				4A99B6932C7EF2F50036EA93 /* Foo1Foo1App.swift */,
				4A99B6952C7EF2F50036EA93 /* ContentView.swift */,
				4A99B6972C7EF2F60036EA93 /* Assets.xcassets */,
				4A99B6992C7EF2F60036EA93 /* Preview Content */,
			);
			path = Foo1Foo1;
			sourceTree = "<group>";
		};
		4A99B6992C7EF2F60036EA93 /* Preview Content */ = {
			isa = PBXGroup;
			children = (
				4A99B69A2C7EF2F60036EA93 /* Preview Assets.xcassets */,
			);
			path = "Preview Content";
			sourceTree = "<group>";
		};
		4A99B6A32C7EF2F60036EA93 /* Foo1Foo1Tests */ = {
			isa = PBXGroup;
			children = (
				4A99B6A42C7EF2F60036EA93 /* Foo1Foo1Tests.swift */,
			);
			path = Foo1Foo1Tests;
			sourceTree = "<group>";
		};
		4A99B6AD2C7EF2F60036EA93 /* Foo1Foo1UITests */ = {
			isa = PBXGroup;
			children = (
				4A99B6AE2C7EF2F60036EA93 /* Foo1Foo1UITests.swift */,
				4A99B6B02C7EF2F60036EA93 /* Foo1Foo1UITestsLaunchTests.swift */,
			);
			path = Foo1Foo1UITests;
			sourceTree = "<group>";
		};
/* End PBXGroup section */

/* Begin PBXNativeTarget section */
		4A99B68F2C7EF2F50036EA93 /* Foo1Foo1 */ = {
			isa = PBXNativeTarget;
			buildConfigurationList = 4A99B6B42C7EF2F60036EA93 /* Build configuration list for PBXNativeTarget "Foo1Foo1" */;
			buildPhases = (
				4A99B68C2C7EF2F50036EA93 /* Sources */,
				4A99B68D2C7EF2F50036EA93 /* Frameworks */,
				4A99B68E2C7EF2F50036EA93 /* Resources */,
			);
			buildRules = (
			);
			dependencies = (
			);
			name = Foo1Foo1;
			productName = Foo1Foo1;
			productReference = 4A99B6902C7EF2F50036EA93 /* Foo1Foo1.app */;
			productType = "com.apple.product-type.application";
		};
		4A99B69F2C7EF2F60036EA93 /* Foo1Foo1Tests */ = {
			isa = PBXNativeTarget;
			buildConfigurationList = 4A99B6B72C7EF2F60036EA93 /* Build configuration list for PBXNativeTarget "Foo1Foo1Tests" */;
			buildPhases = (
				4A99B69C2C7EF2F60036EA93 /* Sources */,
				4A99B69D2C7EF2F60036EA93 /* Frameworks */,
				4A99B69E2C7EF2F60036EA93 /* Resources */,
			);
			buildRules = (
			);
			dependencies = (
				4A99B6A22C7EF2F60036EA93 /* PBXTargetDependency */,
			);
			name = Foo1Foo1Tests;
			productName = Foo1Foo1Tests;
			productReference = 4A99B6A02C7EF2F60036EA93 /* Foo1Foo1Tests.xctest */;
			productType = "com.apple.product-type.bundle.unit-test";
		};
		4A99B6A92C7EF2F60036EA93 /* Foo1Foo1UITests */ = {
			isa = PBXNativeTarget;
			buildConfigurationList = 4A99B6BA2C7EF2F60036EA93 /* Build configuration list for PBXNativeTarget "Foo1Foo1UITests" */;
			buildPhases = (
				4A99B6A62C7EF2F60036EA93 /* Sources */,
				4A99B6A72C7EF2F60036EA93 /* Frameworks */,
				4A99B6A82C7EF2F60036EA93 /* Resources */,
			);
			buildRules = (
			);
			dependencies = (
				4A99B6AC2C7EF2F60036EA93 /* PBXTargetDependency */,
			);
			name = Foo1Foo1UITests;
			productName = Foo1Foo1UITests;
			productReference = 4A99B6AA2C7EF2F60036EA93 /* Foo1Foo1UITests.xctest */;
			productType = "com.apple.product-type.bundle.ui-testing";
		};
/* End PBXNativeTarget section */

/* Begin PBXProject section */
		4A99B6882C7EF2F50036EA93 /* Project object */ = {
			isa = PBXProject;
			attributes = {
				BuildIndependentTargetsInParallel = 1;
				LastSwiftUpdateCheck = 1540;
				LastUpgradeCheck = 1540;
				TargetAttributes = {
					4A99B68F2C7EF2F50036EA93 = {
						CreatedOnToolsVersion = 15.4;
					};
					4A99B69F2C7EF2F60036EA93 = {
						CreatedOnToolsVersion = 15.4;
						TestTargetID = 4A99B68F2C7EF2F50036EA93;
					};
					4A99B6A92C7EF2F60036EA93 = {
						CreatedOnToolsVersion = 15.4;
						TestTargetID = 4A99B68F2C7EF2F50036EA93;
					};
				};
			};
			buildConfigurationList = 4A99B68B2C7EF2F50036EA93 /* Build configuration list for PBXProject "Foo1Foo1" */;
			compatibilityVersion = "Xcode 14.0";
			developmentRegion = en;
			hasScannedForEncodings = 0;
			knownRegions = (
				en,
				Base,
			);
			mainGroup = 4A99B6872C7EF2F50036EA93;
			productRefGroup = 4A99B6912C7EF2F50036EA93 /* Products */;
			projectDirPath = "";
			projectRoot = "";
			targets = (
				4A99B68F2C7EF2F50036EA93 /* Foo1Foo1 */,
				4A99B69F2C7EF2F60036EA93 /* Foo1Foo1Tests */,
				4A99B6A92C7EF2F60036EA93 /* Foo1Foo1UITests */,
			);
		};
/* End PBXProject section */

/* Begin PBXResourcesBuildPhase section */
		4A99B68E2C7EF2F50036EA93 /* Resources */ = {
			isa = PBXResourcesBuildPhase;
			buildActionMask = 2147483647;
			files = (
				4A99B69B2C7EF2F60036EA93 /* Preview Assets.xcassets in Resources */,
				4A99B6982C7EF2F60036EA93 /* Assets.xcassets in Resources */,
			);
			runOnlyForDeploymentPostprocessing = 0;
		};
		4A99B69E2C7EF2F60036EA93 /* Resources */ = {
			isa = PBXResourcesBuildPhase;
			buildActionMask = 2147483647;
			files = (
			);
			runOnlyForDeploymentPostprocessing = 0;
		};
		4A99B6A82C7EF2F60036EA93 /* Resources */ = {
			isa = PBXResourcesBuildPhase;
			buildActionMask = 2147483647;
			files = (
			);
			runOnlyForDeploymentPostprocessing = 0;
		};
/* End PBXResourcesBuildPhase section */

/* Begin PBXSourcesBuildPhase section */
		4A99B68C2C7EF2F50036EA93 /* Sources */ = {
			isa = PBXSourcesBuildPhase;
			buildActionMask = 2147483647;
			files = (
				4A99B6962C7EF2F50036EA93 /* ContentView.swift in Sources */,
				4A99B6942C7EF2F50036EA93 /* Foo1Foo1App.swift in Sources */,
			);
			runOnlyForDeploymentPostprocessing = 0;
		};
		4A99B69C2C7EF2F60036EA93 /* Sources */ = {
			isa = PBXSourcesBuildPhase;
			buildActionMask = 2147483647;
			files = (
				4A99B6A52C7EF2F60036EA93 /* Foo1Foo1Tests.swift in Sources */,
			);
			runOnlyForDeploymentPostprocessing = 0;
		};
		4A99B6A62C7EF2F60036EA93 /* Sources */ = {
			isa = PBXSourcesBuildPhase;
			buildActionMask = 2147483647;
			files = (
				4A99B6B12C7EF2F60036EA93 /* Foo1Foo1UITestsLaunchTests.swift in Sources */,
				4A99B6AF2C7EF2F60036EA93 /* Foo1Foo1UITests.swift in Sources */,
			);
			runOnlyForDeploymentPostprocessing = 0;
		};
/* End PBXSourcesBuildPhase section */

/* Begin PBXTargetDependency section */
		4A99B6A22C7EF2F60036EA93 /* PBXTargetDependency */ = {
			isa = PBXTargetDependency;
			target = 4A99B68F2C7EF2F50036EA93 /* Foo1Foo1 */;
			targetProxy = 4A99B6A12C7EF2F60036EA93 /* PBXContainerItemProxy */;
		};
		4A99B6AC2C7EF2F60036EA93 /* PBXTargetDependency */ = {
			isa = PBXTargetDependency;
			target = 4A99B68F2C7EF2F50036EA93 /* Foo1Foo1 */;
			targetProxy = 4A99B6AB2C7EF2F60036EA93 /* PBXContainerItemProxy */;
		};
/* End PBXTargetDependency section */

/* Begin XCBuildConfiguration section */
		4A99B6B22C7EF2F60036EA93 /* Debug */ = {
			isa = XCBuildConfiguration;
			buildSettings = {
				ALWAYS_SEARCH_USER_PATHS = NO;
				ASSETCATALOG_COMPILER_GENERATE_SWIFT_ASSET_SYMBOL_EXTENSIONS = YES;
				CLANG_ANALYZER_NONNULL = YES;
				CLANG_ANALYZER_NUMBER_OBJECT_CONVERSION = YES_AGGRESSIVE;
				CLANG_CXX_LANGUAGE_STANDARD = "gnu++20";
				CLANG_ENABLE_MODULES = YES;
				CLANG_ENABLE_OBJC_ARC = YES;
				CLANG_ENABLE_OBJC_WEAK = YES;
				CLANG_WARN_BLOCK_CAPTURE_AUTORELEASING = YES;
				CLANG_WARN_BOOL_CONVERSION = YES;
				CLANG_WARN_COMMA = YES;
				CLANG_WARN_CONSTANT_CONVERSION = YES;
				CLANG_WARN_DEPRECATED_OBJC_IMPLEMENTATIONS = YES;
				CLANG_WARN_DIRECT_OBJC_ISA_USAGE = YES_ERROR;
				CLANG_WARN_DOCUMENTATION_COMMENTS = YES;
				CLANG_WARN_EMPTY_BODY = YES;
				CLANG_WARN_ENUM_CONVERSION = YES;
				CLANG_WARN_INFINITE_RECURSION = YES;
				CLANG_WARN_INT_CONVERSION = YES;
				CLANG_WARN_NON_LITERAL_NULL_CONVERSION = YES;
				CLANG_WARN_OBJC_IMPLICIT_RETAIN_SELF = YES;
				CLANG_WARN_OBJC_LITERAL_CONVERSION = YES;
				CLANG_WARN_OBJC_ROOT_CLASS = YES_ERROR;
				CLANG_WARN_QUOTED_INCLUDE_IN_FRAMEWORK_HEADER = YES;
				CLANG_WARN_RANGE_LOOP_ANALYSIS = YES;
				CLANG_WARN_STRICT_PROTOTYPES = YES;
				CLANG_WARN_SUSPICIOUS_MOVE = YES;
				CLANG_WARN_UNGUARDED_AVAILABILITY = YES_AGGRESSIVE;
				CLANG_WARN_UNREACHABLE_CODE = YES;
				CLANG_WARN__DUPLICATE_METHOD_MATCH = YES;
				COPY_PHASE_STRIP = NO;
				DEBUG_INFORMATION_FORMAT = dwarf;
				ENABLE_STRICT_OBJC_MSGSEND = YES;
				ENABLE_TESTABILITY = YES;
				ENABLE_USER_SCRIPT_SANDBOXING = YES;
				GCC_C_LANGUAGE_STANDARD = gnu17;
				GCC_DYNAMIC_NO_PIC = NO;
				GCC_NO_COMMON_BLOCKS = YES;
				GCC_OPTIMIZATION_LEVEL = 0;
				GCC_PREPROCESSOR_DEFINITIONS = (
					"DEBUG=1",
					"$(inherited)",
				);
				GCC_WARN_64_TO_32_BIT_CONVERSION = YES;
				GCC_WARN_ABOUT_RETURN_TYPE = YES_ERROR;
				GCC_WARN_UNDECLARED_SELECTOR = YES;
				GCC_WARN_UNINITIALIZED_AUTOS = YES_AGGRESSIVE;
				GCC_WARN_UNUSED_FUNCTION = YES;
				GCC_WARN_UNUSED_VARIABLE = YES;
				IPHONEOS_DEPLOYMENT_TARGET = 17.5;
				LOCALIZATION_PREFERS_STRING_CATALOGS = YES;
				MTL_ENABLE_DEBUG_INFO = INCLUDE_SOURCE;
				MTL_FAST_MATH = YES;
				ONLY_ACTIVE_ARCH = YES;
				SDKROOT = iphoneos;
				SWIFT_ACTIVE_COMPILATION_CONDITIONS = "DEBUG $(inherited)";
				SWIFT_OPTIMIZATION_LEVEL = "-Onone";
			};
			name = Debug;
		};
		4A99B6B32C7EF2F60036EA93 /* Release */ = {
			isa = XCBuildConfiguration;
			buildSettings = {
				ALWAYS_SEARCH_USER_PATHS = NO;
				ASSETCATALOG_COMPILER_GENERATE_SWIFT_ASSET_SYMBOL_EXTENSIONS = YES;
				CLANG_ANALYZER_NONNULL = YES;
				CLANG_ANALYZER_NUMBER_OBJECT_CONVERSION = YES_AGGRESSIVE;
				CLANG_CXX_LANGUAGE_STANDARD = "gnu++20";
				CLANG_ENABLE_MODULES = YES;
				CLANG_ENABLE_OBJC_ARC = YES;
				CLANG_ENABLE_OBJC_WEAK = YES;
				CLANG_WARN_BLOCK_CAPTURE_AUTORELEASING = YES;
				CLANG_WARN_BOOL_CONVERSION = YES;
				CLANG_WARN_COMMA = YES;
				CLANG_WARN_CONSTANT_CONVERSION = YES;
				CLANG_WARN_DEPRECATED_OBJC_IMPLEMENTATIONS = YES;
				CLANG_WARN_DIRECT_OBJC_ISA_USAGE = YES_ERROR;
				CLANG_WARN_DOCUMENTATION_COMMENTS = YES;
				CLANG_WARN_EMPTY_BODY = YES;
				CLANG_WARN_ENUM_CONVERSION = YES;
				CLANG_WARN_INFINITE_RECURSION = YES;
				CLANG_WARN_INT_CONVERSION = YES;
				CLANG_WARN_NON_LITERAL_NULL_CONVERSION = YES;
				CLANG_WARN_OBJC_IMPLICIT_RETAIN_SELF = YES;
				CLANG_WARN_OBJC_LITERAL_CONVERSION = YES;
				CLANG_WARN_OBJC_ROOT_CLASS = YES_ERROR;
				CLANG_WARN_QUOTED_INCLUDE_IN_FRAMEWORK_HEADER = YES;
				CLANG_WARN_RANGE_LOOP_ANALYSIS = YES;
				CLANG_WARN_STRICT_PROTOTYPES = YES;
				CLANG_WARN_SUSPICIOUS_MOVE = YES;
				CLANG_WARN_UNGUARDED_AVAILABILITY = YES_AGGRESSIVE;
				CLANG_WARN_UNREACHABLE_CODE = YES;
				CLANG_WARN__DUPLICATE_METHOD_MATCH = YES;
				COPY_PHASE_STRIP = NO;
				DEBUG_INFORMATION_FORMAT = "dwarf-with-dsym";
				ENABLE_NS_ASSERTIONS = NO;
				ENABLE_STRICT_OBJC_MSGSEND = YES;
				ENABLE_USER_SCRIPT_SANDBOXING = YES;
				GCC_C_LANGUAGE_STANDARD = gnu17;
				GCC_NO_COMMON_BLOCKS = YES;
				GCC_WARN_64_TO_32_BIT_CONVERSION = YES;
				GCC_WARN_ABOUT_RETURN_TYPE = YES_ERROR;
				GCC_WARN_UNDECLARED_SELECTOR = YES;
				GCC_WARN_UNINITIALIZED_AUTOS = YES_AGGRESSIVE;
				GCC_WARN_UNUSED_FUNCTION = YES;
				GCC_WARN_UNUSED_VARIABLE = YES;
				IPHONEOS_DEPLOYMENT_TARGET = 17.5;
				LOCALIZATION_PREFERS_STRING_CATALOGS = YES;
				MTL_ENABLE_DEBUG_INFO = NO;
				MTL_FAST_MATH = YES;
				SDKROOT = iphoneos;
				SWIFT_COMPILATION_MODE = wholemodule;
				VALIDATE_PRODUCT = YES;
			};
			name = Release;
		};
		4A99B6B52C7EF2F60036EA93 /* Debug */ = {
			isa = XCBuildConfiguration;
			buildSettings = {
				ASSETCATALOG_COMPILER_APPICON_NAME = AppIcon;
				ASSETCATALOG_COMPILER_GLOBAL_ACCENT_COLOR_NAME = AccentColor;
				CODE_SIGN_STYLE = Automatic;
				CURRENT_PROJECT_VERSION = 1;
				DEVELOPMENT_ASSET_PATHS = "\"Foo1Foo1/Preview Content\"";
				DEVELOPMENT_TEAM = 4MU6QM22C8;
				ENABLE_PREVIEWS = YES;
				GENERATE_INFOPLIST_FILE = YES;
				INFOPLIST_KEY_UIApplicationSceneManifest_Generation = YES;
				INFOPLIST_KEY_UIApplicationSupportsIndirectInputEvents = YES;
				INFOPLIST_KEY_UILaunchScreen_Generation = YES;
				INFOPLIST_KEY_UISupportedInterfaceOrientations_iPad = "UIInterfaceOrientationPortrait UIInterfaceOrientationPortraitUpsideDown UIInterfaceOrientationLandscapeLeft UIInterfaceOrientationLandscapeRight";
				INFOPLIST_KEY_UISupportedInterfaceOrientations_iPhone = "UIInterfaceOrientationPortrait UIInterfaceOrientationLandscapeLeft UIInterfaceOrientationLandscapeRight";
				LD_RUNPATH_SEARCH_PATHS = (
					"$(inherited)",
					"@executable_path/Frameworks",
				);
				MARKETING_VERSION = 1.0;
				PRODUCT_BUNDLE_IDENTIFIER = com.blueinfy.foo.Foo1Foo1;
				PRODUCT_NAME = "$(TARGET_NAME)";
				SWIFT_EMIT_LOC_STRINGS = YES;
				SWIFT_VERSION = 5.0;
				TARGETED_DEVICE_FAMILY = "1,2";
			};
			name = Debug;
		};
		4A99B6B62C7EF2F60036EA93 /* Release */ = {
			isa = XCBuildConfiguration;
			buildSettings = {
				ASSETCATALOG_COMPILER_APPICON_NAME = AppIcon;
				ASSETCATALOG_COMPILER_GLOBAL_ACCENT_COLOR_NAME = AccentColor;
				CODE_SIGN_STYLE = Automatic;
				CURRENT_PROJECT_VERSION = 1;
				DEVELOPMENT_ASSET_PATHS = "\"Foo1Foo1/Preview Content\"";
				DEVELOPMENT_TEAM = 4MU6QM22C8;
				ENABLE_PREVIEWS = YES;
				GENERATE_INFOPLIST_FILE = YES;
				INFOPLIST_KEY_UIApplicationSceneManifest_Generation = YES;
				INFOPLIST_KEY_UIApplicationSupportsIndirectInputEvents = YES;
				INFOPLIST_KEY_UILaunchScreen_Generation = YES;
				INFOPLIST_KEY_UISupportedInterfaceOrientations_iPad = "UIInterfaceOrientationPortrait UIInterfaceOrientationPortraitUpsideDown UIInterfaceOrientationLandscapeLeft UIInterfaceOrientationLandscapeRight";
				INFOPLIST_KEY_UISupportedInterfaceOrientations_iPhone = "UIInterfaceOrientationPortrait UIInterfaceOrientationLandscapeLeft UIInterfaceOrientationLandscapeRight";
				LD_RUNPATH_SEARCH_PATHS = (
					"$(inherited)",
					"@executable_path/Frameworks",
				);
				MARKETING_VERSION = 1.0;
				PRODUCT_BUNDLE_IDENTIFIER = com.blueinfy.foo.Foo1Foo1;
				PRODUCT_NAME = "$(TARGET_NAME)";
				SWIFT_EMIT_LOC_STRINGS = YES;
				SWIFT_VERSION = 5.0;
				TARGETED_DEVICE_FAMILY = "1,2";
			};
			name = Release;
		};
		4A99B6B82C7EF2F60036EA93 /* Debug */ = {
			isa = XCBuildConfiguration;
			buildSettings = {
				ALWAYS_EMBED_SWIFT_STANDARD_LIBRARIES = YES;
				BUNDLE_LOADER = "$(TEST_HOST)";
				CODE_SIGN_STYLE = Automatic;
				CURRENT_PROJECT_VERSION = 1;
				DEVELOPMENT_TEAM = 4MU6QM22C8;
				GENERATE_INFOPLIST_FILE = YES;
				IPHONEOS_DEPLOYMENT_TARGET = 17.5;
				MARKETING_VERSION = 1.0;
				PRODUCT_BUNDLE_IDENTIFIER = com.blueinfy.foo.Foo1Foo1Tests;
				PRODUCT_NAME = "$(TARGET_NAME)";
				SWIFT_EMIT_LOC_STRINGS = NO;
				SWIFT_VERSION = 5.0;
				TARGETED_DEVICE_FAMILY = "1,2";
				TEST_HOST = "$(BUILT_PRODUCTS_DIR)/Foo1Foo1.app/$(BUNDLE_EXECUTABLE_FOLDER_PATH)/Foo1Foo1";
			};
			name = Debug;
		};
		4A99B6B92C7EF2F60036EA93 /* Release */ = {
			isa = XCBuildConfiguration;
			buildSettings = {
				ALWAYS_EMBED_SWIFT_STANDARD_LIBRARIES = YES;
				BUNDLE_LOADER = "$(TEST_HOST)";
				CODE_SIGN_STYLE = Automatic;
				CURRENT_PROJECT_VERSION = 1;
				DEVELOPMENT_TEAM = 4MU6QM22C8;
				GENERATE_INFOPLIST_FILE = YES;
				IPHONEOS_DEPLOYMENT_TARGET = 17.5;
				MARKETING_VERSION = 1.0;
				PRODUCT_BUNDLE_IDENTIFIER = com.blueinfy.foo.Foo1Foo1Tests;
				PRODUCT_NAME = "$(TARGET_NAME)";
				SWIFT_EMIT_LOC_STRINGS = NO;
				SWIFT_VERSION = 5.0;
				TARGETED_DEVICE_FAMILY = "1,2";
				TEST_HOST = "$(BUILT_PRODUCTS_DIR)/Foo1Foo1.app/$(BUNDLE_EXECUTABLE_FOLDER_PATH)/Foo1Foo1";
			};
			name = Release;
		};
		4A99B6BB2C7EF2F60036EA93 /* Debug */ = {
			isa = XCBuildConfiguration;
			buildSettings = {
				ALWAYS_EMBED_SWIFT_STANDARD_LIBRARIES = YES;
				CODE_SIGN_STYLE = Automatic;
				CURRENT_PROJECT_VERSION = 1;
				DEVELOPMENT_TEAM = 4MU6QM22C8;
				GENERATE_INFOPLIST_FILE = YES;
				MARKETING_VERSION = 1.0;
				PRODUCT_BUNDLE_IDENTIFIER = com.blueinfy.foo.Foo1Foo1UITests;
				PRODUCT_NAME = "$(TARGET_NAME)";
				SWIFT_EMIT_LOC_STRINGS = NO;
				SWIFT_VERSION = 5.0;
				TARGETED_DEVICE_FAMILY = "1,2";
				TEST_TARGET_NAME = Foo1Foo1;
			};
			name = Debug;
		};
		4A99B6BC2C7EF2F60036EA93 /* Release */ = {
			isa = XCBuildConfiguration;
			buildSettings = {
				ALWAYS_EMBED_SWIFT_STANDARD_LIBRARIES = YES;
				CODE_SIGN_STYLE = Automatic;
				CURRENT_PROJECT_VERSION = 1;
				DEVELOPMENT_TEAM = 4MU6QM22C8;
				GENERATE_INFOPLIST_FILE = YES;
				MARKETING_VERSION = 1.0;
				PRODUCT_BUNDLE_IDENTIFIER = com.blueinfy.foo.Foo1Foo1UITests;
				PRODUCT_NAME = "$(TARGET_NAME)";
				SWIFT_EMIT_LOC_STRINGS = NO;
				SWIFT_VERSION = 5.0;
				TARGETED_DEVICE_FAMILY = "1,2";
				TEST_TARGET_NAME = Foo1Foo1;
			};
			name = Release;
		};
/* End XCBuildConfiguration section */

/* Begin XCConfigurationList section */
		4A99B68B2C7EF2F50036EA93 /* Build configuration list for PBXProject "Foo1Foo1" */ = {
			isa = XCConfigurationList;
			buildConfigurations = (
				4A99B6B22C7EF2F60036EA93 /* Debug */,
				4A99B6B32C7EF2F60036EA93 /* Release */,
			);
			defaultConfigurationIsVisible = 0;
			defaultConfigurationName = Release;
		};
		4A99B6B42C7EF2F60036EA93 /* Build configuration list for PBXNativeTarget "Foo1Foo1" */ = {
			isa = XCConfigurationList;
			buildConfigurations = (
				4A99B6B52C7EF2F60036EA93 /* Debug */,
				4A99B6B62C7EF2F60036EA93 /* Release */,
			);
			defaultConfigurationIsVisible = 0;
			defaultConfigurationName = Release;
		};
		4A99B6B72C7EF2F60036EA93 /* Build configuration list for PBXNativeTarget "Foo1Foo1Tests" */ = {
			isa = XCConfigurationList;
			buildConfigurations = (
				4A99B6B82C7EF2F60036EA93 /* Debug */,
				4A99B6B92C7EF2F60036EA93 /* Release */,
			);
			defaultConfigurationIsVisible = 0;
			defaultConfigurationName = Release;
		};
		4A99B6BA2C7EF2F60036EA93 /* Build configuration list for PBXNativeTarget "Foo1Foo1UITests" */ = {
			isa = XCConfigurationList;
			buildConfigurations = (
				4A99B6BB2C7EF2F60036EA93 /* Debug */,
				4A99B6BC2C7EF2F60036EA93 /* Release */,
			);
			defaultConfigurationIsVisible = 0;
			defaultConfigurationName = Release;
		};
/* End XCConfigurationList section */
	};
	rootObject = 4A99B6882C7EF2F50036EA93 /* Project object */;
}
